
Microsoft Visual Studio Solution File, Format Version 12.00
# Visual Studio Version 17
VisualStudioVersion = 17.3.32929.385
MinimumVisualStudioVersion = 10.0.40219.1
Project("{FAE04EC0-301F-11D3-BF4B-00C04F79EFBC}") = "QuickFIX", "QuickFIX.csproj", "{8C730873-7ADC-42BE-968F-2BBD13317210}"
EndProject
Global
	GlobalSection(SolutionConfigurationPlatforms) = preSolution
		Debug|Any CPU = Debug|Any CPU
		Release|Any CPU = Release|Any CPU
	EndGlobalSection
	GlobalSection(ProjectConfigurationPlatforms) = postSolution
		{8C730873-7ADC-42BE-968F-2BBD13317210}.Debug|Any CPU.ActiveCfg = Debug|Any CPU
		{8C730873-7ADC-42BE-968F-2BBD13317210}.Debug|Any CPU.Build.0 = Debug|Any CPU
		{8C730873-7ADC-42BE-968F-2BBD13317210}.Release|Any CPU.ActiveCfg = Release|Any CPU
		{8C730873-7ADC-42BE-968F-2BBD13317210}.Release|Any CPU.Build.0 = Release|Any CPU
	EndGlobalSection
	GlobalSection(SolutionProperties) = preSolution
		HideSolutionNode = FALSE
	EndGlobalSection
	GlobalSection(ExtensibilityGlobals) = postSolution
		SolutionGuid = {129D6C26-17BD-43B6-9A6A-F175D5B4211E}
	EndGlobalSection
EndGlobal
